
Microsoft Visual Studio Solution File, Format Version 12.00
# Visual Studio Version 17
VisualStudioVersion = 17.6.33815.320
MinimumVisualStudioVersion = 10.0.40219.1
Project("{FAE04EC0-301F-11D3-BF4B-00C04F79EFBC}") = "MVMS.API", "MVMS.API\MVMS.API.csproj", "{A348642D-2D33-43AE-8E3A-FE78C8EB7B75}"
EndProject
Global
	GlobalSection(SolutionConfigurationPlatforms) = preSolution
		Debug|Any CPU = Debug|Any CPU
		Release|Any CPU = Release|Any CPU
	EndGlobalSection
	GlobalSection(ProjectConfigurationPlatforms) = postSolution
		{A348642D-2D33-43AE-8E3A-FE78C8EB7B75}.Debug|Any CPU.ActiveCfg = Debug|Any CPU
		{A348642D-2D33-43AE-8E3A-FE78C8EB7B75}.Debug|Any CPU.Build.0 = Debug|Any CPU
		{A348642D-2D33-43AE-8E3A-FE78C8EB7B75}.Release|Any CPU.ActiveCfg = Release|Any CPU
		{A348642D-2D33-43AE-8E3A-FE78C8EB7B75}.Release|Any CPU.Build.0 = Release|Any CPU
	EndGlobalSection
	GlobalSection(SolutionProperties) = preSolution
		HideSolutionNode = FALSE
	EndGlobalSection
	GlobalSection(ExtensibilityGlobals) = postSolution
		SolutionGuid = {FAD12B0B-8C1E-4D68-B63A-CCA503A15281}
	EndGlobalSection
EndGlobal
