
Microsoft Visual Studio Solution File, Format Version 12.00
# Visual Studio Version 17
VisualStudioVersion = 17.6.33815.320
MinimumVisualStudioVersion = 10.0.40219.1
Project("{9A19103F-16F7-4668-BE54-9A1E7A4F7556}") = "MVMS.API", "MVMS.API\MVMS.API.csproj", "{A348642D-2D33-43AE-8E3A-FE78C8EB7B75}"
EndProject
Project("{FAE04EC0-301F-11D3-BF4B-00C04F79EFBC}") = "MVMS.DBEngine", "MVMS.DBEngine\MVMS.DBEngine.csproj", "{8D66D864-D0AE-4C95-A0F5-88BA402DC5CC}"
EndProject
Project("{FAE04EC0-301F-11D3-BF4B-00C04F79EFBC}") = "MVMS.Service", "MVMS.Service\MVMS.Service.csproj", "{0D28CE6F-FEA9-4C86-A4C4-31DE0F494D1B}"
EndProject
Project("{FAE04EC0-301F-11D3-BF4B-00C04F79EFBC}") = "MVMS.Repository", "MVMS.Repository\MVMS.Repository.csproj", "{7F50B005-8BD5-41C0-8115-EF55399B2FF3}"
EndProject
Project("{FAE04EC0-301F-11D3-BF4B-00C04F79EFBC}") = "MVMS.Framework", "MVMS.Framework\MVMS.Framework.csproj", "{7D249448-4664-402C-AAB7-EC392CE76C7C}"
EndProject
Project("{FAE04EC0-301F-11D3-BF4B-00C04F79EFBC}") = "MVMS.Models", "MVMS.Models\MVMS.Models.csproj", "{3852DB6C-287B-424E-B972-54248F85595F}"
EndProject
Project("{FAE04EC0-301F-11D3-BF4B-00C04F79EFBC}") = "MVMS", "MVMS\MVMS.csproj", "{C72FC433-EBE5-4579-A470-09AFCDE656D5}"
EndProject
Global
	GlobalSection(SolutionConfigurationPlatforms) = preSolution
		Debug|Any CPU = Debug|Any CPU
		Release|Any CPU = Release|Any CPU
	EndGlobalSection
	GlobalSection(ProjectConfigurationPlatforms) = postSolution
		{A348642D-2D33-43AE-8E3A-FE78C8EB7B75}.Debug|Any CPU.ActiveCfg = Debug|Any CPU
		{A348642D-2D33-43AE-8E3A-FE78C8EB7B75}.Debug|Any CPU.Build.0 = Debug|Any CPU
		{A348642D-2D33-43AE-8E3A-FE78C8EB7B75}.Release|Any CPU.ActiveCfg = Release|Any CPU
		{A348642D-2D33-43AE-8E3A-FE78C8EB7B75}.Release|Any CPU.Build.0 = Release|Any CPU
		{8D66D864-D0AE-4C95-A0F5-88BA402DC5CC}.Debug|Any CPU.ActiveCfg = Debug|Any CPU
		{8D66D864-D0AE-4C95-A0F5-88BA402DC5CC}.Debug|Any CPU.Build.0 = Debug|Any CPU
		{8D66D864-D0AE-4C95-A0F5-88BA402DC5CC}.Release|Any CPU.ActiveCfg = Release|Any CPU
		{8D66D864-D0AE-4C95-A0F5-88BA402DC5CC}.Release|Any CPU.Build.0 = Release|Any CPU
		{0D28CE6F-FEA9-4C86-A4C4-31DE0F494D1B}.Debug|Any CPU.ActiveCfg = Debug|Any CPU
		{0D28CE6F-FEA9-4C86-A4C4-31DE0F494D1B}.Debug|Any CPU.Build.0 = Debug|Any CPU
		{0D28CE6F-FEA9-4C86-A4C4-31DE0F494D1B}.Release|Any CPU.ActiveCfg = Release|Any CPU
		{0D28CE6F-FEA9-4C86-A4C4-31DE0F494D1B}.Release|Any CPU.Build.0 = Release|Any CPU
		{7F50B005-8BD5-41C0-8115-EF55399B2FF3}.Debug|Any CPU.ActiveCfg = Debug|Any CPU
		{7F50B005-8BD5-41C0-8115-EF55399B2FF3}.Debug|Any CPU.Build.0 = Debug|Any CPU
		{7F50B005-8BD5-41C0-8115-EF55399B2FF3}.Release|Any CPU.ActiveCfg = Release|Any CPU
		{7F50B005-8BD5-41C0-8115-EF55399B2FF3}.Release|Any CPU.Build.0 = Release|Any CPU
		{7D249448-4664-402C-AAB7-EC392CE76C7C}.Debug|Any CPU.ActiveCfg = Debug|Any CPU
		{7D249448-4664-402C-AAB7-EC392CE76C7C}.Debug|Any CPU.Build.0 = Debug|Any CPU
		{7D249448-4664-402C-AAB7-EC392CE76C7C}.Release|Any CPU.ActiveCfg = Release|Any CPU
		{7D249448-4664-402C-AAB7-EC392CE76C7C}.Release|Any CPU.Build.0 = Release|Any CPU
		{3852DB6C-287B-424E-B972-54248F85595F}.Debug|Any CPU.ActiveCfg = Debug|Any CPU
		{3852DB6C-287B-424E-B972-54248F85595F}.Debug|Any CPU.Build.0 = Debug|Any CPU
		{3852DB6C-287B-424E-B972-54248F85595F}.Release|Any CPU.ActiveCfg = Release|Any CPU
		{3852DB6C-287B-424E-B972-54248F85595F}.Release|Any CPU.Build.0 = Release|Any CPU
		{C72FC433-EBE5-4579-A470-09AFCDE656D5}.Debug|Any CPU.ActiveCfg = Debug|Any CPU
		{C72FC433-EBE5-4579-A470-09AFCDE656D5}.Debug|Any CPU.Build.0 = Debug|Any CPU
		{C72FC433-EBE5-4579-A470-09AFCDE656D5}.Release|Any CPU.ActiveCfg = Release|Any CPU
		{C72FC433-EBE5-4579-A470-09AFCDE656D5}.Release|Any CPU.Build.0 = Release|Any CPU
	EndGlobalSection
	GlobalSection(SolutionProperties) = preSolution
		HideSolutionNode = FALSE
	EndGlobalSection
	GlobalSection(ExtensibilityGlobals) = postSolution
		SolutionGuid = {FAD12B0B-8C1E-4D68-B63A-CCA503A15281}
	EndGlobalSection
EndGlobal
